// !$*UTF8*$!
{
	archiveVersion = 1;
	classes = {
	};
	objectVersion = 46;
	objects = {

/* Begin PBXBuildFile section */
		A9CFA3F31B2789C8005A254F /* main.cpp in Sources */ = {isa = PBXBuildFile; fileRef = A9CFA3F21B2789C8005A254F /* main.cpp */; };
		A9CFA3FF1B283161005A254F /* lodepng.cpp in Sources */ = {isa = PBXBuildFile; fileRef = A9CFA3FA1B283161005A254F /* lodepng.cpp */; };
		A9CFA4001B283161005A254F /* heatmap.c in Sources */ = {isa = PBXBuildFile; fileRef = A9CFA3FC1B283161005A254F /* heatmap.c */; };
		A9CFA4011B283161005A254F /* gray.c in Sources */ = {isa = PBXBuildFile; fileRef = A9CFA3FE1B283161005A254F /* gray.c */; };
/* End PBXBuildFile section */

/* Begin PBXCopyFilesBuildPhase section */
		A9CFA3ED1B2789C8005A254F /* CopyFiles */ = {
			isa = PBXCopyFilesBuildPhase;
			buildActionMask = 2147483647;
			dstPath = /usr/share/man/man1/;
			dstSubfolderSpec = 0;
			files = (
			);
			runOnlyForDeploymentPostprocessing = 1;
		};
/* End PBXCopyFilesBuildPhase section */

/* Begin PBXFileReference section */
		A9CFA3EF1B2789C8005A254F /* tracking_analysis_heatmap */ = {isa = PBXFileReference; explicitFileType = "compiled.mach-o.executable"; includeInIndex = 0; path = tracking_analysis_heatmap; sourceTree = BUILT_PRODUCTS_DIR; };
		A9CFA3F21B2789C8005A254F /* main.cpp */ = {isa = PBXFileReference; lastKnownFileType = sourcecode.cpp.cpp; path = main.cpp; sourceTree = "<group>"; };
		A9CFA3F91B283161005A254F /* heatmap.h */ = {isa = PBXFileReference; fileEncoding = 4; lastKnownFileType = sourcecode.c.h; path = heatmap.h; sourceTree = "<group>"; };
		A9CFA3FA1B283161005A254F /* lodepng.cpp */ = {isa = PBXFileReference; fileEncoding = 4; lastKnownFileType = sourcecode.cpp.cpp; path = lodepng.cpp; sourceTree = "<group>"; };
		A9CFA3FB1B283161005A254F /* lodepng.h */ = {isa = PBXFileReference; fileEncoding = 4; lastKnownFileType = sourcecode.c.h; path = lodepng.h; sourceTree = "<group>"; };
		A9CFA3FC1B283161005A254F /* heatmap.c */ = {isa = PBXFileReference; fileEncoding = 4; lastKnownFileType = sourcecode.c.c; path = heatmap.c; sourceTree = "<group>"; };
		A9CFA3FD1B283161005A254F /* gray.h */ = {isa = PBXFileReference; fileEncoding = 4; lastKnownFileType = sourcecode.c.h; path = gray.h; sourceTree = "<group>"; };
		A9CFA3FE1B283161005A254F /* gray.c */ = {isa = PBXFileReference; fileEncoding = 4; lastKnownFileType = sourcecode.c.c; path = gray.c; sourceTree = "<group>"; };
/* End PBXFileReference section */

/* Begin PBXFrameworksBuildPhase section */
		A9CFA3EC1B2789C8005A254F /* Frameworks */ = {
			isa = PBXFrameworksBuildPhase;
			buildActionMask = 2147483647;
			files = (
			);
			runOnlyForDeploymentPostprocessing = 0;
		};
/* End PBXFrameworksBuildPhase section */

/* Begin PBXGroup section */
		A9CFA3E61B2789C8005A254F = {
			isa = PBXGroup;
			children = (
				A9CFA3F91B283161005A254F /* heatmap.h */,
				A9CFA3FA1B283161005A254F /* lodepng.cpp */,
				A9CFA3FB1B283161005A254F /* lodepng.h */,
				A9CFA3FC1B283161005A254F /* heatmap.c */,
				A9CFA3FD1B283161005A254F /* gray.h */,
				A9CFA3FE1B283161005A254F /* gray.c */,
				A9CFA3F11B2789C8005A254F /* tracking_analysis_heatmap */,
				A9CFA3F01B2789C8005A254F /* Products */,
			);
			sourceTree = "<group>";
		};
		A9CFA3F01B2789C8005A254F /* Products */ = {
			isa = PBXGroup;
			children = (
				A9CFA3EF1B2789C8005A254F /* tracking_analysis_heatmap */,
			);
			name = Products;
			sourceTree = "<group>";
		};
		A9CFA3F11B2789C8005A254F /* tracking_analysis_heatmap */ = {
			isa = PBXGroup;
			children = (
				A9CFA3F21B2789C8005A254F /* main.cpp */,
			);
			path = tracking_analysis_heatmap;
			sourceTree = "<group>";
		};
/* End PBXGroup section */

/* Begin PBXNativeTarget section */
		A9CFA3EE1B2789C8005A254F /* tracking_analysis_heatmap */ = {
			isa = PBXNativeTarget;
			buildConfigurationList = A9CFA3F61B2789C8005A254F /* Build configuration list for PBXNativeTarget "tracking_analysis_heatmap" */;
			buildPhases = (
				A9CFA3EB1B2789C8005A254F /* Sources */,
				A9CFA3EC1B2789C8005A254F /* Frameworks */,
				A9CFA3ED1B2789C8005A254F /* CopyFiles */,
			);
			buildRules = (
			);
			dependencies = (
			);
			name = tracking_analysis_heatmap;
			productName = tracking_analysis_heatmap;
			productReference = A9CFA3EF1B2789C8005A254F /* tracking_analysis_heatmap */;
			productType = "com.apple.product-type.tool";
		};
/* End PBXNativeTarget section */

/* Begin PBXProject section */
		A9CFA3E71B2789C8005A254F /* Project object */ = {
			isa = PBXProject;
			attributes = {
				LastUpgradeCheck = 0630;
				ORGANIZATIONNAME = konova;
				TargetAttributes = {
					A9CFA3EE1B2789C8005A254F = {
						CreatedOnToolsVersion = 6.3.2;
					};
				};
			};
			buildConfigurationList = A9CFA3EA1B2789C8005A254F /* Build configuration list for PBXProject "tracking_analysis_heatmap" */;
			compatibilityVersion = "Xcode 3.2";
			developmentRegion = English;
			hasScannedForEncodings = 0;
			knownRegions = (
				en,
			);
			mainGroup = A9CFA3E61B2789C8005A254F;
			productRefGroup = A9CFA3F01B2789C8005A254F /* Products */;
			projectDirPath = "";
			projectRoot = "";
			targets = (
				A9CFA3EE1B2789C8005A254F /* tracking_analysis_heatmap */,
			);
		};
/* End PBXProject section */

/* Begin PBXSourcesBuildPhase section */
		A9CFA3EB1B2789C8005A254F /* Sources */ = {
			isa = PBXSourcesBuildPhase;
			buildActionMask = 2147483647;
			files = (
				A9CFA3F31B2789C8005A254F /* main.cpp in Sources */,
				A9CFA4001B283161005A254F /* heatmap.c in Sources */,
				A9CFA4011B283161005A254F /* gray.c in Sources */,
				A9CFA3FF1B283161005A254F /* lodepng.cpp in Sources */,
			);
			runOnlyForDeploymentPostprocessing = 0;
		};
/* End PBXSourcesBuildPhase section */

/* Begin XCBuildConfiguration section */
		A9CFA3F41B2789C8005A254F /* Debug */ = {
			isa = XCBuildConfiguration;
			buildSettings = {
				ALWAYS_SEARCH_USER_PATHS = NO;
				CLANG_CXX_LANGUAGE_STANDARD = "gnu++0x";
				CLANG_CXX_LIBRARY = "libc++";
				CLANG_ENABLE_MODULES = YES;
				CLANG_ENABLE_OBJC_ARC = YES;
				CLANG_WARN_BOOL_CONVERSION = YES;
				CLANG_WARN_CONSTANT_CONVERSION = YES;
				CLANG_WARN_DIRECT_OBJC_ISA_USAGE = YES_ERROR;
				CLANG_WARN_EMPTY_BODY = YES;
				CLANG_WARN_ENUM_CONVERSION = YES;
				CLANG_WARN_INT_CONVERSION = YES;
				CLANG_WARN_OBJC_ROOT_CLASS = YES_ERROR;
				CLANG_WARN_UNREACHABLE_CODE = YES;
				CLANG_WARN__DUPLICATE_METHOD_MATCH = YES;
				COPY_PHASE_STRIP = NO;
				DEBUG_INFORMATION_FORMAT = dwarf;
				ENABLE_STRICT_OBJC_MSGSEND = YES;
				GCC_C_LANGUAGE_STANDARD = gnu99;
				GCC_DYNAMIC_NO_PIC = NO;
				GCC_NO_COMMON_BLOCKS = YES;
				GCC_OPTIMIZATION_LEVEL = 0;
				GCC_PREPROCESSOR_DEFINITIONS = (
					"DEBUG=1",
					"$(inherited)",
				);
				GCC_SYMBOLS_PRIVATE_EXTERN = NO;
				GCC_WARN_64_TO_32_BIT_CONVERSION = YES;
				GCC_WARN_ABOUT_RETURN_TYPE = YES_ERROR;
				GCC_WARN_UNDECLARED_SELECTOR = YES;
				GCC_WARN_UNINITIALIZED_AUTOS = YES_AGGRESSIVE;
				GCC_WARN_UNUSED_FUNCTION = YES;
				GCC_WARN_UNUSED_VARIABLE = YES;
				MACOSX_DEPLOYMENT_TARGET = 10.10;
				MTL_ENABLE_DEBUG_INFO = YES;
				ONLY_ACTIVE_ARCH = YES;
				SDKROOT = macosx;
			};
			name = Debug;
		};
		A9CFA3F51B2789C8005A254F /* Release */ = {
			isa = XCBuildConfiguration;
			buildSettings = {
				ALWAYS_SEARCH_USER_PATHS = NO;
				CLANG_CXX_LANGUAGE_STANDARD = "gnu++0x";
				CLANG_CXX_LIBRARY = "libc++";
				CLANG_ENABLE_MODULES = YES;
				CLANG_ENABLE_OBJC_ARC = YES;
				CLANG_WARN_BOOL_CONVERSION = YES;
				CLANG_WARN_CONSTANT_CONVERSION = YES;
				CLANG_WARN_DIRECT_OBJC_ISA_USAGE = YES_ERROR;
				CLANG_WARN_EMPTY_BODY = YES;
				CLANG_WARN_ENUM_CONVERSION = YES;
				CLANG_WARN_INT_CONVERSION = YES;
				CLANG_WARN_OBJC_ROOT_CLASS = YES_ERROR;
				CLANG_WARN_UNREACHABLE_CODE = YES;
				CLANG_WARN__DUPLICATE_METHOD_MATCH = YES;
				COPY_PHASE_STRIP = NO;
				DEBUG_INFORMATION_FORMAT = "dwarf-with-dsym";
				ENABLE_NS_ASSERTIONS = NO;
				ENABLE_STRICT_OBJC_MSGSEND = YES;
				GCC_C_LANGUAGE_STANDARD = gnu99;
				GCC_NO_COMMON_BLOCKS = YES;
				GCC_WARN_64_TO_32_BIT_CONVERSION = YES;
				GCC_WARN_ABOUT_RETURN_TYPE = YES_ERROR;
				GCC_WARN_UNDECLARED_SELECTOR = YES;
				GCC_WARN_UNINITIALIZED_AUTOS = YES_AGGRESSIVE;
				GCC_WARN_UNUSED_FUNCTION = YES;
				GCC_WARN_UNUSED_VARIABLE = YES;
				MACOSX_DEPLOYMENT_TARGET = 10.10;
				MTL_ENABLE_DEBUG_INFO = NO;
				SDKROOT = macosx;
			};
			name = Release;
		};
		A9CFA3F71B2789C8005A254F /* Debug */ = {
			isa = XCBuildConfiguration;
			buildSettings = {
				HEADER_SEARCH_PATHS = (
					"$(inherited)",
					/Applications/Xcode.app/Contents/Developer/Toolchains/XcodeDefault.xctoolchain/usr/include,
					/usr/local/include,
				);
				LIBRARY_SEARCH_PATHS = /usr/local/lib;
				OTHER_LDFLAGS = (
					"-lopencv_calib3d",
					"-lopencv_core",
					"-lopencv_features2d",
					"-lopencv_flann",
					"-lopencv_highgui",
					"-lopencv_imgproc",
					"-lopencv_ml",
					"-lopencv_objdetect",
					"-lopencv_photo",
					"-lopencv_stitching",
					"-lopencv_superres",
					"-lopencv_ts",
					"-lopencv_video",
					"-lopencv_videostab",
				);
				PRODUCT_NAME = "$(TARGET_NAME)";
			};
			name = Debug;
		};
		A9CFA3F81B2789C8005A254F /* Release */ = {
			isa = XCBuildConfiguration;
			buildSettings = {
				HEADER_SEARCH_PATHS = (
					"$(inherited)",
					/Applications/Xcode.app/Contents/Developer/Toolchains/XcodeDefault.xctoolchain/usr/include,
					/usr/local/include,
				);
				LIBRARY_SEARCH_PATHS = /usr/local/lib;
				OTHER_LDFLAGS = (
					"-lopencv_calib3d",
					"-lopencv_core",
					"-lopencv_features2d",
					"-lopencv_flann",
					"-lopencv_highgui",
					"-lopencv_imgproc",
					"-lopencv_ml",
					"-lopencv_objdetect",
					"-lopencv_photo",
					"-lopencv_stitching",
					"-lopencv_superres",
					"-lopencv_ts",
					"-lopencv_video",
					"-lopencv_videostab",
				);
				PRODUCT_NAME = "$(TARGET_NAME)";
			};
			name = Release;
		};
/* End XCBuildConfiguration section */

/* Begin XCConfigurationList section */
		A9CFA3EA1B2789C8005A254F /* Build configuration list for PBXProject "tracking_analysis_heatmap" */ = {
			isa = XCConfigurationList;
			buildConfigurations = (
				A9CFA3F41B2789C8005A254F /* Debug */,
				A9CFA3F51B2789C8005A254F /* Release */,
			);
			defaultConfigurationIsVisible = 0;
			defaultConfigurationName = Release;
		};
		A9CFA3F61B2789C8005A254F /* Build configuration list for PBXNativeTarget "tracking_analysis_heatmap" */ = {
			isa = XCConfigurationList;
			buildConfigurations = (
				A9CFA3F71B2789C8005A254F /* Debug */,
				A9CFA3F81B2789C8005A254F /* Release */,
			);
			defaultConfigurationIsVisible = 0;
			defaultConfigurationName = Release;
		};
/* End XCConfigurationList section */
	};
	rootObject = A9CFA3E71B2789C8005A254F /* Project object */;
}
